
Microsoft Visual Studio Solution File, Format Version 12.00
# Visual Studio 2017
Project("{FAE04EC0-301F-11D3-BF4B-00C04F79EFBC}") = "Arcade1229", "Arcade1229.csproj", "{EF63B59B-1A37-2720-4E67-F63EF5113DB7}"
EndProject
Project("{FAE04EC0-301F-11D3-BF4B-00C04F79EFBC}") = "Arcade1229.Editor", "Arcade1229.Editor.csproj", "{0119ABCC-1769-01BC-D1DF-E9DD5BF465D6}"
EndProject
Global
	GlobalSection(SolutionConfigurationPlatforms) = preSolution
		Debug|Any CPU = Debug|Any CPU
		Release|Any CPU = Release|Any CPU
	EndGlobalSection
	GlobalSection(ProjectConfigurationPlatforms) = postSolution
		{EF63B59B-1A37-2720-4E67-F63EF5113DB7}.Debug|Any CPU.ActiveCfg = Debug|Any CPU
		{EF63B59B-1A37-2720-4E67-F63EF5113DB7}.Debug|Any CPU.Build.0 = Debug|Any CPU
		{EF63B59B-1A37-2720-4E67-F63EF5113DB7}.Release|Any CPU.ActiveCfg = Release|Any CPU
		{EF63B59B-1A37-2720-4E67-F63EF5113DB7}.Release|Any CPU.Build.0 = Release|Any CPU
		{0119ABCC-1769-01BC-D1DF-E9DD5BF465D6}.Debug|Any CPU.ActiveCfg = Debug|Any CPU
		{0119ABCC-1769-01BC-D1DF-E9DD5BF465D6}.Debug|Any CPU.Build.0 = Debug|Any CPU
		{0119ABCC-1769-01BC-D1DF-E9DD5BF465D6}.Release|Any CPU.ActiveCfg = Release|Any CPU
		{0119ABCC-1769-01BC-D1DF-E9DD5BF465D6}.Release|Any CPU.Build.0 = Release|Any CPU
	EndGlobalSection
	GlobalSection(SolutionProperties) = preSolution
		HideSolutionNode = FALSE
	EndGlobalSection
EndGlobal
