
Microsoft Visual Studio Solution File, Format Version 12.00
# Visual Studio 2017
Project("{FAE04EC0-301F-11D3-BF4B-00C04F79EFBC}") = "Arcade0102", "Arcade0102.csproj", "{75D3FDB3-65AD-45CB-3E72-4FAC61EA8823}"
EndProject
Project("{FAE04EC0-301F-11D3-BF4B-00C04F79EFBC}") = "Arcade0102.Editor", "Arcade0102.Editor.csproj", "{D069E661-B40F-A876-2BFD-F30ECEDFF6CC}"
EndProject
Global
	GlobalSection(SolutionConfigurationPlatforms) = preSolution
		Debug|Any CPU = Debug|Any CPU
		Release|Any CPU = Release|Any CPU
	EndGlobalSection
	GlobalSection(ProjectConfigurationPlatforms) = postSolution
		{75D3FDB3-65AD-45CB-3E72-4FAC61EA8823}.Debug|Any CPU.ActiveCfg = Debug|Any CPU
		{75D3FDB3-65AD-45CB-3E72-4FAC61EA8823}.Debug|Any CPU.Build.0 = Debug|Any CPU
		{75D3FDB3-65AD-45CB-3E72-4FAC61EA8823}.Release|Any CPU.ActiveCfg = Release|Any CPU
		{75D3FDB3-65AD-45CB-3E72-4FAC61EA8823}.Release|Any CPU.Build.0 = Release|Any CPU
		{D069E661-B40F-A876-2BFD-F30ECEDFF6CC}.Debug|Any CPU.ActiveCfg = Debug|Any CPU
		{D069E661-B40F-A876-2BFD-F30ECEDFF6CC}.Debug|Any CPU.Build.0 = Debug|Any CPU
		{D069E661-B40F-A876-2BFD-F30ECEDFF6CC}.Release|Any CPU.ActiveCfg = Release|Any CPU
		{D069E661-B40F-A876-2BFD-F30ECEDFF6CC}.Release|Any CPU.Build.0 = Release|Any CPU
	EndGlobalSection
	GlobalSection(SolutionProperties) = preSolution
		HideSolutionNode = FALSE
	EndGlobalSection
EndGlobal
