
Microsoft Visual Studio Solution File, Format Version 12.00
# Visual Studio 2017
Project("{FAE04EC0-301F-11D3-BF4B-00C04F79EFBC}") = "Arcade1", "Arcade1.csproj", "{CE3F58C0-40AB-DFF9-29CF-7034E143733D}"
EndProject
Project("{FAE04EC0-301F-11D3-BF4B-00C04F79EFBC}") = "Arcade1.Editor", "Arcade1.Editor.csproj", "{96644CD2-9C55-7DF5-FF6E-2E053218E863}"
EndProject
Global
	GlobalSection(SolutionConfigurationPlatforms) = preSolution
		Debug|Any CPU = Debug|Any CPU
		Release|Any CPU = Release|Any CPU
	EndGlobalSection
	GlobalSection(ProjectConfigurationPlatforms) = postSolution
		{CE3F58C0-40AB-DFF9-29CF-7034E143733D}.Debug|Any CPU.ActiveCfg = Debug|Any CPU
		{CE3F58C0-40AB-DFF9-29CF-7034E143733D}.Debug|Any CPU.Build.0 = Debug|Any CPU
		{CE3F58C0-40AB-DFF9-29CF-7034E143733D}.Release|Any CPU.ActiveCfg = Release|Any CPU
		{CE3F58C0-40AB-DFF9-29CF-7034E143733D}.Release|Any CPU.Build.0 = Release|Any CPU
		{96644CD2-9C55-7DF5-FF6E-2E053218E863}.Debug|Any CPU.ActiveCfg = Debug|Any CPU
		{96644CD2-9C55-7DF5-FF6E-2E053218E863}.Debug|Any CPU.Build.0 = Debug|Any CPU
		{96644CD2-9C55-7DF5-FF6E-2E053218E863}.Release|Any CPU.ActiveCfg = Release|Any CPU
		{96644CD2-9C55-7DF5-FF6E-2E053218E863}.Release|Any CPU.Build.0 = Release|Any CPU
	EndGlobalSection
	GlobalSection(SolutionProperties) = preSolution
		HideSolutionNode = FALSE
	EndGlobalSection
EndGlobal
