
Microsoft Visual Studio Solution File, Format Version 12.00
# Visual Studio 2017
Project("{FAE04EC0-301F-11D3-BF4B-00C04F79EFBC}") = "Arcade1226", "Arcade1226.csproj", "{9052C7C2-584F-7EB8-3798-5C8A4D14743A}"
EndProject
Project("{FAE04EC0-301F-11D3-BF4B-00C04F79EFBC}") = "Arcade1226.Editor", "Arcade1226.Editor.csproj", "{F29F49BF-A501-BE52-C1A8-8A5F0D6F1136}"
EndProject
Global
	GlobalSection(SolutionConfigurationPlatforms) = preSolution
		Debug|Any CPU = Debug|Any CPU
		Release|Any CPU = Release|Any CPU
	EndGlobalSection
	GlobalSection(ProjectConfigurationPlatforms) = postSolution
		{9052C7C2-584F-7EB8-3798-5C8A4D14743A}.Debug|Any CPU.ActiveCfg = Debug|Any CPU
		{9052C7C2-584F-7EB8-3798-5C8A4D14743A}.Debug|Any CPU.Build.0 = Debug|Any CPU
		{9052C7C2-584F-7EB8-3798-5C8A4D14743A}.Release|Any CPU.ActiveCfg = Release|Any CPU
		{9052C7C2-584F-7EB8-3798-5C8A4D14743A}.Release|Any CPU.Build.0 = Release|Any CPU
		{F29F49BF-A501-BE52-C1A8-8A5F0D6F1136}.Debug|Any CPU.ActiveCfg = Debug|Any CPU
		{F29F49BF-A501-BE52-C1A8-8A5F0D6F1136}.Debug|Any CPU.Build.0 = Debug|Any CPU
		{F29F49BF-A501-BE52-C1A8-8A5F0D6F1136}.Release|Any CPU.ActiveCfg = Release|Any CPU
		{F29F49BF-A501-BE52-C1A8-8A5F0D6F1136}.Release|Any CPU.Build.0 = Release|Any CPU
	EndGlobalSection
	GlobalSection(SolutionProperties) = preSolution
		HideSolutionNode = FALSE
	EndGlobalSection
EndGlobal
