
Microsoft Visual Studio Solution File, Format Version 12.00
# Visual Studio 2017
Project("{FAE04EC0-301F-11D3-BF4B-00C04F79EFBC}") = "Arcade1212", "Arcade1212.csproj", "{039D13A3-AA32-8722-6948-4EEF700BB891}"
EndProject
Project("{FAE04EC0-301F-11D3-BF4B-00C04F79EFBC}") = "Arcade1212.Editor", "Arcade1212.Editor.csproj", "{EE87A804-A751-5764-9E66-39A08646C8EE}"
EndProject
Global
	GlobalSection(SolutionConfigurationPlatforms) = preSolution
		Debug|Any CPU = Debug|Any CPU
		Release|Any CPU = Release|Any CPU
	EndGlobalSection
	GlobalSection(ProjectConfigurationPlatforms) = postSolution
		{039D13A3-AA32-8722-6948-4EEF700BB891}.Debug|Any CPU.ActiveCfg = Debug|Any CPU
		{039D13A3-AA32-8722-6948-4EEF700BB891}.Debug|Any CPU.Build.0 = Debug|Any CPU
		{039D13A3-AA32-8722-6948-4EEF700BB891}.Release|Any CPU.ActiveCfg = Release|Any CPU
		{039D13A3-AA32-8722-6948-4EEF700BB891}.Release|Any CPU.Build.0 = Release|Any CPU
		{EE87A804-A751-5764-9E66-39A08646C8EE}.Debug|Any CPU.ActiveCfg = Debug|Any CPU
		{EE87A804-A751-5764-9E66-39A08646C8EE}.Debug|Any CPU.Build.0 = Debug|Any CPU
		{EE87A804-A751-5764-9E66-39A08646C8EE}.Release|Any CPU.ActiveCfg = Release|Any CPU
		{EE87A804-A751-5764-9E66-39A08646C8EE}.Release|Any CPU.Build.0 = Release|Any CPU
	EndGlobalSection
	GlobalSection(SolutionProperties) = preSolution
		HideSolutionNode = FALSE
	EndGlobalSection
EndGlobal
