
Microsoft Visual Studio Solution File, Format Version 12.00
# Visual Studio 2017
Project("{FAE04EC0-301F-11D3-BF4B-00C04F79EFBC}") = "Arcade0109_2", "Arcade0109_2.csproj", "{38F36C32-F934-7CB6-B505-757E0118E611}"
EndProject
Project("{FAE04EC0-301F-11D3-BF4B-00C04F79EFBC}") = "Arcade0109_2.Editor", "Arcade0109_2.Editor.csproj", "{67031D2F-03B3-372A-9BAE-0E2AE8B4B071}"
EndProject
Global
	GlobalSection(SolutionConfigurationPlatforms) = preSolution
		Debug|Any CPU = Debug|Any CPU
		Release|Any CPU = Release|Any CPU
	EndGlobalSection
	GlobalSection(ProjectConfigurationPlatforms) = postSolution
		{38F36C32-F934-7CB6-B505-757E0118E611}.Debug|Any CPU.ActiveCfg = Debug|Any CPU
		{38F36C32-F934-7CB6-B505-757E0118E611}.Debug|Any CPU.Build.0 = Debug|Any CPU
		{38F36C32-F934-7CB6-B505-757E0118E611}.Release|Any CPU.ActiveCfg = Release|Any CPU
		{38F36C32-F934-7CB6-B505-757E0118E611}.Release|Any CPU.Build.0 = Release|Any CPU
		{67031D2F-03B3-372A-9BAE-0E2AE8B4B071}.Debug|Any CPU.ActiveCfg = Debug|Any CPU
		{67031D2F-03B3-372A-9BAE-0E2AE8B4B071}.Debug|Any CPU.Build.0 = Debug|Any CPU
		{67031D2F-03B3-372A-9BAE-0E2AE8B4B071}.Release|Any CPU.ActiveCfg = Release|Any CPU
		{67031D2F-03B3-372A-9BAE-0E2AE8B4B071}.Release|Any CPU.Build.0 = Release|Any CPU
	EndGlobalSection
	GlobalSection(SolutionProperties) = preSolution
		HideSolutionNode = FALSE
	EndGlobalSection
EndGlobal
