
Microsoft Visual Studio Solution File, Format Version 12.00
# Visual Studio 2017
Project("{FAE04EC0-301F-11D3-BF4B-00C04F79EFBC}") = "Arcade0103", "Arcade0103.csproj", "{4F6747E7-278B-0C5C-8303-4BA186F68FF7}"
EndProject
Project("{FAE04EC0-301F-11D3-BF4B-00C04F79EFBC}") = "Arcade0103.Editor", "Arcade0103.Editor.csproj", "{B6EA9677-935E-1C78-7CDA-9FFB118134F2}"
EndProject
Global
	GlobalSection(SolutionConfigurationPlatforms) = preSolution
		Debug|Any CPU = Debug|Any CPU
		Release|Any CPU = Release|Any CPU
	EndGlobalSection
	GlobalSection(ProjectConfigurationPlatforms) = postSolution
		{4F6747E7-278B-0C5C-8303-4BA186F68FF7}.Debug|Any CPU.ActiveCfg = Debug|Any CPU
		{4F6747E7-278B-0C5C-8303-4BA186F68FF7}.Debug|Any CPU.Build.0 = Debug|Any CPU
		{4F6747E7-278B-0C5C-8303-4BA186F68FF7}.Release|Any CPU.ActiveCfg = Release|Any CPU
		{4F6747E7-278B-0C5C-8303-4BA186F68FF7}.Release|Any CPU.Build.0 = Release|Any CPU
		{B6EA9677-935E-1C78-7CDA-9FFB118134F2}.Debug|Any CPU.ActiveCfg = Debug|Any CPU
		{B6EA9677-935E-1C78-7CDA-9FFB118134F2}.Debug|Any CPU.Build.0 = Debug|Any CPU
		{B6EA9677-935E-1C78-7CDA-9FFB118134F2}.Release|Any CPU.ActiveCfg = Release|Any CPU
		{B6EA9677-935E-1C78-7CDA-9FFB118134F2}.Release|Any CPU.Build.0 = Release|Any CPU
	EndGlobalSection
	GlobalSection(SolutionProperties) = preSolution
		HideSolutionNode = FALSE
	EndGlobalSection
EndGlobal
